{
    "_readme": [
        "This file locks the dependencies of your project to a known state",
        "Read more about it at https://getcomposer.org/doc/01-basic-usage.md#composer-lock-the-lock-file",
        "This file is @generated automatically"
    ],
    "content-hash": "2ada7effaf41729613c0f5d3f9631f6d",
    "packages": [
        {
            "name": "prospress/action-scheduler",
            "version": "1.5.3",
            "source": {
                "type": "git",
                "url": "https://github.com/Prospress/action-scheduler.git",
                "reference": "f12b7da4dd6514d1ec3bce1f124b82326086d9b2"
            },
            "dist": {
                "type": "zip",
                "url": "https://api.github.com/repos/Prospress/action-scheduler/zipball/f12b7da4dd6514d1ec3bce1f124b82326086d9b2",
                "reference": "f12b7da4dd6514d1ec3bce1f124b82326086d9b2",
                "shasum": ""
            },
            "type": "wordpress-plugin",
            "notification-url": "https://packagist.org/downloads/",
            "license": [
                "GPL-3.0"
            ],
            "description": "Action Scheduler for WordPress and WooCommerce",
            "time": "2017-05-04T22:09:38+00:00"
        }
    ],
    "packages-dev": [],
    "aliases": [],
    "minimum-stability": "stable",
    "stability-flags": [],
    "prefer-stable": false,
    "prefer-lowest": false,
    "platform": [],
    "platform-dev": []
}
